
Microsoft Visual Studio Solution File, Format Version 12.00
# Visual Studio Version 16
VisualStudioVersion = 16.0.29215.179
MinimumVisualStudioVersion = 10.0.40219.1
Project("{9A19103F-16F7-4668-BE54-9A1E7A4F7556}") = "DataSecurity.Lab1_1", "DataSecurity.Lab1_1\DataSecurity.Lab1_1.csproj", "{D8627CAE-0FD1-47D8-B799-FDA1E3A4DBB2}"
EndProject
Project("{9A19103F-16F7-4668-BE54-9A1E7A4F7556}") = "DataSecurity.Lab1_2", "DataSecurity.Lab1_2\DataSecurity.Lab1_2.csproj", "{98A2ACBC-44A4-4276-B542-BC713F2440CE}"
EndProject
Project("{9A19103F-16F7-4668-BE54-9A1E7A4F7556}") = "DataSecurity.Lab1_6", "DataSecurity.Lab1_6\DataSecurity.Lab1_6.csproj", "{7AC5E564-B0B7-4FEA-A575-F75773B40FE5}"
EndProject
Project("{9A19103F-16F7-4668-BE54-9A1E7A4F7556}") = "DataSecurity.Lab1_3", "DataSecurity.Lab1_3\DataSecurity.Lab1_3.csproj", "{A4AE159A-06DF-4959-81F6-D8F77BAE1745}"
EndProject
Project("{9A19103F-16F7-4668-BE54-9A1E7A4F7556}") = "DataSecurity.Lab1_4", "DataSecurity.Lab1_4\DataSecurity.Lab1_4.csproj", "{4390AF98-8DAC-48A9-980A-E14DC05DF283}"
EndProject
Project("{9A19103F-16F7-4668-BE54-9A1E7A4F7556}") = "DataSecurity.Lab1_5", "DataSecurity.Lab1_5\DataSecurity.Lab1_5.csproj", "{474DA9F9-DAEB-4158-B371-3A26D178B656}"
EndProject
Project("{9A19103F-16F7-4668-BE54-9A1E7A4F7556}") = "DataSecurity.Lab2_1", "DataSecurity.Lab2_1\DataSecurity.Lab2_1.csproj", "{DBB091EB-E5AA-4A59-9662-530D0F6D0CAD}"
EndProject
Project("{FAE04EC0-301F-11D3-BF4B-00C04F79EFBC}") = "DataSecurity.Lab2_2", "DataSecurity.Lab2_2\DataSecurity.Lab2_2.csproj", "{28E1EBF2-2018-4242-93B8-9BAF12E35969}"
EndProject
Global
	GlobalSection(SolutionConfigurationPlatforms) = preSolution
		Debug|Any CPU = Debug|Any CPU
		Release|Any CPU = Release|Any CPU
	EndGlobalSection
	GlobalSection(ProjectConfigurationPlatforms) = postSolution
		{D8627CAE-0FD1-47D8-B799-FDA1E3A4DBB2}.Debug|Any CPU.ActiveCfg = Debug|Any CPU
		{D8627CAE-0FD1-47D8-B799-FDA1E3A4DBB2}.Debug|Any CPU.Build.0 = Debug|Any CPU
		{D8627CAE-0FD1-47D8-B799-FDA1E3A4DBB2}.Release|Any CPU.ActiveCfg = Release|Any CPU
		{D8627CAE-0FD1-47D8-B799-FDA1E3A4DBB2}.Release|Any CPU.Build.0 = Release|Any CPU
		{98A2ACBC-44A4-4276-B542-BC713F2440CE}.Debug|Any CPU.ActiveCfg = Debug|Any CPU
		{98A2ACBC-44A4-4276-B542-BC713F2440CE}.Debug|Any CPU.Build.0 = Debug|Any CPU
		{98A2ACBC-44A4-4276-B542-BC713F2440CE}.Release|Any CPU.ActiveCfg = Release|Any CPU
		{98A2ACBC-44A4-4276-B542-BC713F2440CE}.Release|Any CPU.Build.0 = Release|Any CPU
		{7AC5E564-B0B7-4FEA-A575-F75773B40FE5}.Debug|Any CPU.ActiveCfg = Debug|Any CPU
		{7AC5E564-B0B7-4FEA-A575-F75773B40FE5}.Debug|Any CPU.Build.0 = Debug|Any CPU
		{7AC5E564-B0B7-4FEA-A575-F75773B40FE5}.Release|Any CPU.ActiveCfg = Release|Any CPU
		{7AC5E564-B0B7-4FEA-A575-F75773B40FE5}.Release|Any CPU.Build.0 = Release|Any CPU
		{A4AE159A-06DF-4959-81F6-D8F77BAE1745}.Debug|Any CPU.ActiveCfg = Debug|Any CPU
		{A4AE159A-06DF-4959-81F6-D8F77BAE1745}.Debug|Any CPU.Build.0 = Debug|Any CPU
		{A4AE159A-06DF-4959-81F6-D8F77BAE1745}.Release|Any CPU.ActiveCfg = Release|Any CPU
		{A4AE159A-06DF-4959-81F6-D8F77BAE1745}.Release|Any CPU.Build.0 = Release|Any CPU
		{4390AF98-8DAC-48A9-980A-E14DC05DF283}.Debug|Any CPU.ActiveCfg = Debug|Any CPU
		{4390AF98-8DAC-48A9-980A-E14DC05DF283}.Debug|Any CPU.Build.0 = Debug|Any CPU
		{4390AF98-8DAC-48A9-980A-E14DC05DF283}.Release|Any CPU.ActiveCfg = Release|Any CPU
		{4390AF98-8DAC-48A9-980A-E14DC05DF283}.Release|Any CPU.Build.0 = Release|Any CPU
		{474DA9F9-DAEB-4158-B371-3A26D178B656}.Debug|Any CPU.ActiveCfg = Debug|Any CPU
		{474DA9F9-DAEB-4158-B371-3A26D178B656}.Debug|Any CPU.Build.0 = Debug|Any CPU
		{474DA9F9-DAEB-4158-B371-3A26D178B656}.Release|Any CPU.ActiveCfg = Release|Any CPU
		{474DA9F9-DAEB-4158-B371-3A26D178B656}.Release|Any CPU.Build.0 = Release|Any CPU
		{DBB091EB-E5AA-4A59-9662-530D0F6D0CAD}.Debug|Any CPU.ActiveCfg = Debug|Any CPU
		{DBB091EB-E5AA-4A59-9662-530D0F6D0CAD}.Debug|Any CPU.Build.0 = Debug|Any CPU
		{DBB091EB-E5AA-4A59-9662-530D0F6D0CAD}.Release|Any CPU.ActiveCfg = Release|Any CPU
		{DBB091EB-E5AA-4A59-9662-530D0F6D0CAD}.Release|Any CPU.Build.0 = Release|Any CPU
		{28E1EBF2-2018-4242-93B8-9BAF12E35969}.Debug|Any CPU.ActiveCfg = Debug|Any CPU
		{28E1EBF2-2018-4242-93B8-9BAF12E35969}.Debug|Any CPU.Build.0 = Debug|Any CPU
		{28E1EBF2-2018-4242-93B8-9BAF12E35969}.Release|Any CPU.ActiveCfg = Release|Any CPU
		{28E1EBF2-2018-4242-93B8-9BAF12E35969}.Release|Any CPU.Build.0 = Release|Any CPU
	EndGlobalSection
	GlobalSection(SolutionProperties) = preSolution
		HideSolutionNode = FALSE
	EndGlobalSection
	GlobalSection(ExtensibilityGlobals) = postSolution
		SolutionGuid = {3CCA56CE-7C5D-49A2-8083-4F45F056002E}
	EndGlobalSection
EndGlobal
